
Microsoft Visual Studio Solution File, Format Version 12.00
# Visual Studio Version 17
VisualStudioVersion = 17.0.31903.59
MinimumVisualStudioVersion = 10.0.40219.1
Project("{2150E333-8FDC-42A3-9474-1A3956D46DE8}") = "src", "src", "{827E0CD3-B72D-47B6-A68D-7590B98EB39B}"
EndProject
Project("{2150E333-8FDC-42A3-9474-1A3956D46DE8}") = "back", "back", "{2A6EFA84-C1C4-586E-CBD5-C79B77241B33}"
EndProject
Project("{FAE04EC0-301F-11D3-BF4B-00C04F79EFBC}") = "AdPlatforms.Back", "src\back\AdPlatforms.Back.csproj", "{9422356A-8C5A-41C4-8F31-785E469777E5}"
EndProject
Project("{2150E333-8FDC-42A3-9474-1A3956D46DE8}") = "common", "common", "{BFF2DF6E-AA54-47C7-211F-79ACCBB4577C}"
EndProject
Project("{FAE04EC0-301F-11D3-BF4B-00C04F79EFBC}") = "AdPlatforms.Common", "src\common\AdPlatforms.Common.csproj", "{AC663817-89AB-439B-86BA-47466B704A8B}"
EndProject
Project("{2150E333-8FDC-42A3-9474-1A3956D46DE8}") = "back.test", "back.test", "{2A9AA4A6-56B3-6B23-B818-2F6DD7F358F2}"
EndProject
Project("{FAE04EC0-301F-11D3-BF4B-00C04F79EFBC}") = "AdPlatforms.Back.Test", "src\back.test\AdPlatforms.Back.Test.csproj", "{74A57768-2810-49CC-9C27-EED29FCD158A}"
EndProject
Project("{2150E333-8FDC-42A3-9474-1A3956D46DE8}") = "common.test", "common.test", "{10181852-BB8F-8323-F89B-C79E07DF16D0}"
EndProject
Project("{FAE04EC0-301F-11D3-BF4B-00C04F79EFBC}") = "AdPlatforms.Common.Test", "src\common.test\AdPlatforms.Common.Test.csproj", "{E6999D7C-9185-49CE-BC38-18AB2CFF8CE6}"
EndProject
Global
	GlobalSection(SolutionConfigurationPlatforms) = preSolution
		Debug|Any CPU = Debug|Any CPU
		Debug|x64 = Debug|x64
		Debug|x86 = Debug|x86
		Release|Any CPU = Release|Any CPU
		Release|x64 = Release|x64
		Release|x86 = Release|x86
	EndGlobalSection
	GlobalSection(ProjectConfigurationPlatforms) = postSolution
		{9422356A-8C5A-41C4-8F31-785E469777E5}.Debug|Any CPU.ActiveCfg = Debug|Any CPU
		{9422356A-8C5A-41C4-8F31-785E469777E5}.Debug|Any CPU.Build.0 = Debug|Any CPU
		{9422356A-8C5A-41C4-8F31-785E469777E5}.Debug|x64.ActiveCfg = Debug|Any CPU
		{9422356A-8C5A-41C4-8F31-785E469777E5}.Debug|x64.Build.0 = Debug|Any CPU
		{9422356A-8C5A-41C4-8F31-785E469777E5}.Debug|x86.ActiveCfg = Debug|Any CPU
		{9422356A-8C5A-41C4-8F31-785E469777E5}.Debug|x86.Build.0 = Debug|Any CPU
		{9422356A-8C5A-41C4-8F31-785E469777E5}.Release|Any CPU.ActiveCfg = Release|Any CPU
		{9422356A-8C5A-41C4-8F31-785E469777E5}.Release|Any CPU.Build.0 = Release|Any CPU
		{9422356A-8C5A-41C4-8F31-785E469777E5}.Release|x64.ActiveCfg = Release|Any CPU
		{9422356A-8C5A-41C4-8F31-785E469777E5}.Release|x64.Build.0 = Release|Any CPU
		{9422356A-8C5A-41C4-8F31-785E469777E5}.Release|x86.ActiveCfg = Release|Any CPU
		{9422356A-8C5A-41C4-8F31-785E469777E5}.Release|x86.Build.0 = Release|Any CPU
		{AC663817-89AB-439B-86BA-47466B704A8B}.Debug|Any CPU.ActiveCfg = Debug|Any CPU
		{AC663817-89AB-439B-86BA-47466B704A8B}.Debug|Any CPU.Build.0 = Debug|Any CPU
		{AC663817-89AB-439B-86BA-47466B704A8B}.Debug|x64.ActiveCfg = Debug|Any CPU
		{AC663817-89AB-439B-86BA-47466B704A8B}.Debug|x64.Build.0 = Debug|Any CPU
		{AC663817-89AB-439B-86BA-47466B704A8B}.Debug|x86.ActiveCfg = Debug|Any CPU
		{AC663817-89AB-439B-86BA-47466B704A8B}.Debug|x86.Build.0 = Debug|Any CPU
		{AC663817-89AB-439B-86BA-47466B704A8B}.Release|Any CPU.ActiveCfg = Release|Any CPU
		{AC663817-89AB-439B-86BA-47466B704A8B}.Release|Any CPU.Build.0 = Release|Any CPU
		{AC663817-89AB-439B-86BA-47466B704A8B}.Release|x64.ActiveCfg = Release|Any CPU
		{AC663817-89AB-439B-86BA-47466B704A8B}.Release|x64.Build.0 = Release|Any CPU
		{AC663817-89AB-439B-86BA-47466B704A8B}.Release|x86.ActiveCfg = Release|Any CPU
		{AC663817-89AB-439B-86BA-47466B704A8B}.Release|x86.Build.0 = Release|Any CPU
		{74A57768-2810-49CC-9C27-EED29FCD158A}.Debug|Any CPU.ActiveCfg = Debug|Any CPU
		{74A57768-2810-49CC-9C27-EED29FCD158A}.Debug|Any CPU.Build.0 = Debug|Any CPU
		{74A57768-2810-49CC-9C27-EED29FCD158A}.Debug|x64.ActiveCfg = Debug|Any CPU
		{74A57768-2810-49CC-9C27-EED29FCD158A}.Debug|x64.Build.0 = Debug|Any CPU
		{74A57768-2810-49CC-9C27-EED29FCD158A}.Debug|x86.ActiveCfg = Debug|Any CPU
		{74A57768-2810-49CC-9C27-EED29FCD158A}.Debug|x86.Build.0 = Debug|Any CPU
		{74A57768-2810-49CC-9C27-EED29FCD158A}.Release|Any CPU.ActiveCfg = Release|Any CPU
		{74A57768-2810-49CC-9C27-EED29FCD158A}.Release|Any CPU.Build.0 = Release|Any CPU
		{74A57768-2810-49CC-9C27-EED29FCD158A}.Release|x64.ActiveCfg = Release|Any CPU
		{74A57768-2810-49CC-9C27-EED29FCD158A}.Release|x64.Build.0 = Release|Any CPU
		{74A57768-2810-49CC-9C27-EED29FCD158A}.Release|x86.ActiveCfg = Release|Any CPU
		{74A57768-2810-49CC-9C27-EED29FCD158A}.Release|x86.Build.0 = Release|Any CPU
		{E6999D7C-9185-49CE-BC38-18AB2CFF8CE6}.Debug|Any CPU.ActiveCfg = Debug|Any CPU
		{E6999D7C-9185-49CE-BC38-18AB2CFF8CE6}.Debug|Any CPU.Build.0 = Debug|Any CPU
		{E6999D7C-9185-49CE-BC38-18AB2CFF8CE6}.Debug|x64.ActiveCfg = Debug|Any CPU
		{E6999D7C-9185-49CE-BC38-18AB2CFF8CE6}.Debug|x64.Build.0 = Debug|Any CPU
		{E6999D7C-9185-49CE-BC38-18AB2CFF8CE6}.Debug|x86.ActiveCfg = Debug|Any CPU
		{E6999D7C-9185-49CE-BC38-18AB2CFF8CE6}.Debug|x86.Build.0 = Debug|Any CPU
		{E6999D7C-9185-49CE-BC38-18AB2CFF8CE6}.Release|Any CPU.ActiveCfg = Release|Any CPU
		{E6999D7C-9185-49CE-BC38-18AB2CFF8CE6}.Release|Any CPU.Build.0 = Release|Any CPU
		{E6999D7C-9185-49CE-BC38-18AB2CFF8CE6}.Release|x64.ActiveCfg = Release|Any CPU
		{E6999D7C-9185-49CE-BC38-18AB2CFF8CE6}.Release|x64.Build.0 = Release|Any CPU
		{E6999D7C-9185-49CE-BC38-18AB2CFF8CE6}.Release|x86.ActiveCfg = Release|Any CPU
		{E6999D7C-9185-49CE-BC38-18AB2CFF8CE6}.Release|x86.Build.0 = Release|Any CPU
	EndGlobalSection
	GlobalSection(SolutionProperties) = preSolution
		HideSolutionNode = FALSE
	EndGlobalSection
	GlobalSection(NestedProjects) = preSolution
		{2A6EFA84-C1C4-586E-CBD5-C79B77241B33} = {827E0CD3-B72D-47B6-A68D-7590B98EB39B}
		{9422356A-8C5A-41C4-8F31-785E469777E5} = {2A6EFA84-C1C4-586E-CBD5-C79B77241B33}
		{BFF2DF6E-AA54-47C7-211F-79ACCBB4577C} = {827E0CD3-B72D-47B6-A68D-7590B98EB39B}
		{AC663817-89AB-439B-86BA-47466B704A8B} = {BFF2DF6E-AA54-47C7-211F-79ACCBB4577C}
		{2A9AA4A6-56B3-6B23-B818-2F6DD7F358F2} = {827E0CD3-B72D-47B6-A68D-7590B98EB39B}
		{74A57768-2810-49CC-9C27-EED29FCD158A} = {2A9AA4A6-56B3-6B23-B818-2F6DD7F358F2}
		{10181852-BB8F-8323-F89B-C79E07DF16D0} = {827E0CD3-B72D-47B6-A68D-7590B98EB39B}
		{E6999D7C-9185-49CE-BC38-18AB2CFF8CE6} = {10181852-BB8F-8323-F89B-C79E07DF16D0}
	EndGlobalSection
EndGlobal
